// !$*UTF8*$!
{
	archiveVersion = 1;
	classes = {
	};
	objectVersion = 56;
	objects = {

/* Begin PBXBuildFile section */
		F47C449D2C16630D005FDB70 /* GasAppApp.swift in Sources */ = {isa = PBXBuildFile; fileRef = F47C449C2C16630D005FDB70 /* GasAppApp.swift */; };
		F47C449F2C16630D005FDB70 /* ContentView.swift in Sources */ = {isa = PBXBuildFile; fileRef = F47C449E2C16630D005FDB70 /* ContentView.swift */; };
		F47C44A12C16630F005FDB70 /* Assets.xcassets in Resources */ = {isa = PBXBuildFile; fileRef = F47C44A02C16630F005FDB70 /* Assets.xcassets */; };
		F47C44A52C16630F005FDB70 /* Preview Assets.xcassets in Resources */ = {isa = PBXBuildFile; fileRef = F47C44A42C16630F005FDB70 /* Preview Assets.xcassets */; };
		F47C44AF2C166310005FDB70 /* GasAppTests.swift in Sources */ = {isa = PBXBuildFile; fileRef = F47C44AE2C166310005FDB70 /* GasAppTests.swift */; };
		F47C44B92C166310005FDB70 /* GasAppUITests.swift in Sources */ = {isa = PBXBuildFile; fileRef = F47C44B82C166310005FDB70 /* GasAppUITests.swift */; };
		F47C44BB2C166310005FDB70 /* GasAppUITestsLaunchTests.swift in Sources */ = {isa = PBXBuildFile; fileRef = F47C44BA2C166310005FDB70 /* GasAppUITestsLaunchTests.swift */; };
/* End PBXBuildFile section */

/* Begin PBXContainerItemProxy section */
		F47C44AB2C166310005FDB70 /* PBXContainerItemProxy */ = {
			isa = PBXContainerItemProxy;
			containerPortal = F47C44912C16630D005FDB70 /* Project object */;
			proxyType = 1;
			remoteGlobalIDString = F47C44982C16630D005FDB70;
			remoteInfo = GasApp;
		};
		F47C44B52C166310005FDB70 /* PBXContainerItemProxy */ = {
			isa = PBXContainerItemProxy;
			containerPortal = F47C44912C16630D005FDB70 /* Project object */;
			proxyType = 1;
			remoteGlobalIDString = F47C44982C16630D005FDB70;
			remoteInfo = GasApp;
		};
/* End PBXContainerItemProxy section */

/* Begin PBXFileReference section */
		F47C44992C16630D005FDB70 /* GasApp.app */ = {isa = PBXFileReference; explicitFileType = wrapper.application; includeInIndex = 0; path = GasApp.app; sourceTree = BUILT_PRODUCTS_DIR; };
		F47C449C2C16630D005FDB70 /* GasAppApp.swift */ = {isa = PBXFileReference; lastKnownFileType = sourcecode.swift; path = GasAppApp.swift; sourceTree = "<group>"; };
		F47C449E2C16630D005FDB70 /* ContentView.swift */ = {isa = PBXFileReference; lastKnownFileType = sourcecode.swift; path = ContentView.swift; sourceTree = "<group>"; };
		F47C44A02C16630F005FDB70 /* Assets.xcassets */ = {isa = PBXFileReference; lastKnownFileType = folder.assetcatalog; path = Assets.xcassets; sourceTree = "<group>"; };
		F47C44A22C16630F005FDB70 /* GasApp.entitlements */ = {isa = PBXFileReference; lastKnownFileType = text.plist.entitlements; path = GasApp.entitlements; sourceTree = "<group>"; };
		F47C44A42C16630F005FDB70 /* Preview Assets.xcassets */ = {isa = PBXFileReference; lastKnownFileType = folder.assetcatalog; path = "Preview Assets.xcassets"; sourceTree = "<group>"; };
		F47C44AA2C166310005FDB70 /* GasAppTests.xctest */ = {isa = PBXFileReference; explicitFileType = wrapper.cfbundle; includeInIndex = 0; path = GasAppTests.xctest; sourceTree = BUILT_PRODUCTS_DIR; };
		F47C44AE2C166310005FDB70 /* GasAppTests.swift */ = {isa = PBXFileReference; lastKnownFileType = sourcecode.swift; path = GasAppTests.swift; sourceTree = "<group>"; };
		F47C44B42C166310005FDB70 /* GasAppUITests.xctest */ = {isa = PBXFileReference; explicitFileType = wrapper.cfbundle; includeInIndex = 0; path = GasAppUITests.xctest; sourceTree = BUILT_PRODUCTS_DIR; };
		F47C44B82C166310005FDB70 /* GasAppUITests.swift */ = {isa = PBXFileReference; lastKnownFileType = sourcecode.swift; path = GasAppUITests.swift; sourceTree = "<group>"; };
		F47C44BA2C166310005FDB70 /* GasAppUITestsLaunchTests.swift */ = {isa = PBXFileReference; lastKnownFileType = sourcecode.swift; path = GasAppUITestsLaunchTests.swift; sourceTree = "<group>"; };
/* End PBXFileReference section */

/* Begin PBXFrameworksBuildPhase section */
		F47C44962C16630D005FDB70 /* Frameworks */ = {
			isa = PBXFrameworksBuildPhase;
			buildActionMask = 2147483647;
			files = (
			);
			runOnlyForDeploymentPostprocessing = 0;
		};
		F47C44A72C166310005FDB70 /* Frameworks */ = {
			isa = PBXFrameworksBuildPhase;
			buildActionMask = 2147483647;
			files = (
			);
			runOnlyForDeploymentPostprocessing = 0;
		};
		F47C44B12C166310005FDB70 /* Frameworks */ = {
			isa = PBXFrameworksBuildPhase;
			buildActionMask = 2147483647;
			files = (
			);
			runOnlyForDeploymentPostprocessing = 0;
		};
/* End PBXFrameworksBuildPhase section */

/* Begin PBXGroup section */
		F47C44902C16630D005FDB70 = {
			isa = PBXGroup;
			children = (
				F47C449B2C16630D005FDB70 /* GasApp */,
				F47C44AD2C166310005FDB70 /* GasAppTests */,
				F47C44B72C166310005FDB70 /* GasAppUITests */,
				F47C449A2C16630D005FDB70 /* Products */,
			);
			sourceTree = "<group>";
		};
		F47C449A2C16630D005FDB70 /* Products */ = {
			isa = PBXGroup;
			children = (
				F47C44992C16630D005FDB70 /* GasApp.app */,
				F47C44AA2C166310005FDB70 /* GasAppTests.xctest */,
				F47C44B42C166310005FDB70 /* GasAppUITests.xctest */,
			);
			name = Products;
			sourceTree = "<group>";
		};
		F47C449B2C16630D005FDB70 /* GasApp */ = {
			isa = PBXGroup;
			children = (
				F47C449C2C16630D005FDB70 /* GasAppApp.swift */,
				F47C449E2C16630D005FDB70 /* ContentView.swift */,
				F47C44A02C16630F005FDB70 /* Assets.xcassets */,
				F47C44A22C16630F005FDB70 /* GasApp.entitlements */,
				F47C44A32C16630F005FDB70 /* Preview Content */,
			);
			path = GasApp;
			sourceTree = "<group>";
		};
		F47C44A32C16630F005FDB70 /* Preview Content */ = {
			isa = PBXGroup;
			children = (
				F47C44A42C16630F005FDB70 /* Preview Assets.xcassets */,
			);
			path = "Preview Content";
			sourceTree = "<group>";
		};
		F47C44AD2C166310005FDB70 /* GasAppTests */ = {
			isa = PBXGroup;
			children = (
				F47C44AE2C166310005FDB70 /* GasAppTests.swift */,
			);
			path = GasAppTests;
			sourceTree = "<group>";
		};
		F47C44B72C166310005FDB70 /* GasAppUITests */ = {
			isa = PBXGroup;
			children = (
				F47C44B82C166310005FDB70 /* GasAppUITests.swift */,
				F47C44BA2C166310005FDB70 /* GasAppUITestsLaunchTests.swift */,
			);
			path = GasAppUITests;
			sourceTree = "<group>";
		};
/* End PBXGroup section */

/* Begin PBXNativeTarget section */
		F47C44982C16630D005FDB70 /* GasApp */ = {
			isa = PBXNativeTarget;
			buildConfigurationList = F47C44BE2C166310005FDB70 /* Build configuration list for PBXNativeTarget "GasApp" */;
			buildPhases = (
				F47C44952C16630D005FDB70 /* Sources */,
				F47C44962C16630D005FDB70 /* Frameworks */,
				F47C44972C16630D005FDB70 /* Resources */,
			);
			buildRules = (
			);
			dependencies = (
			);
			name = GasApp;
			productName = GasApp;
			productReference = F47C44992C16630D005FDB70 /* GasApp.app */;
			productType = "com.apple.product-type.application";
		};
		F47C44A92C166310005FDB70 /* GasAppTests */ = {
			isa = PBXNativeTarget;
			buildConfigurationList = F47C44C12C166310005FDB70 /* Build configuration list for PBXNativeTarget "GasAppTests" */;
			buildPhases = (
				F47C44A62C166310005FDB70 /* Sources */,
				F47C44A72C166310005FDB70 /* Frameworks */,
				F47C44A82C166310005FDB70 /* Resources */,
			);
			buildRules = (
			);
			dependencies = (
				F47C44AC2C166310005FDB70 /* PBXTargetDependency */,
			);
			name = GasAppTests;
			productName = GasAppTests;
			productReference = F47C44AA2C166310005FDB70 /* GasAppTests.xctest */;
			productType = "com.apple.product-type.bundle.unit-test";
		};
		F47C44B32C166310005FDB70 /* GasAppUITests */ = {
			isa = PBXNativeTarget;
			buildConfigurationList = F47C44C42C166310005FDB70 /* Build configuration list for PBXNativeTarget "GasAppUITests" */;
			buildPhases = (
				F47C44B02C166310005FDB70 /* Sources */,
				F47C44B12C166310005FDB70 /* Frameworks */,
				F47C44B22C166310005FDB70 /* Resources */,
			);
			buildRules = (
			);
			dependencies = (
				F47C44B62C166310005FDB70 /* PBXTargetDependency */,
			);
			name = GasAppUITests;
			productName = GasAppUITests;
			productReference = F47C44B42C166310005FDB70 /* GasAppUITests.xctest */;
			productType = "com.apple.product-type.bundle.ui-testing";
		};
/* End PBXNativeTarget section */

/* Begin PBXProject section */
		F47C44912C16630D005FDB70 /* Project object */ = {
			isa = PBXProject;
			attributes = {
				BuildIndependentTargetsInParallel = 1;
				LastSwiftUpdateCheck = 1540;
				LastUpgradeCheck = 1540;
				TargetAttributes = {
					F47C44982C16630D005FDB70 = {
						CreatedOnToolsVersion = 15.4;
					};
					F47C44A92C166310005FDB70 = {
						CreatedOnToolsVersion = 15.4;
						TestTargetID = F47C44982C16630D005FDB70;
					};
					F47C44B32C166310005FDB70 = {
						CreatedOnToolsVersion = 15.4;
						TestTargetID = F47C44982C16630D005FDB70;
					};
				};
			};
			buildConfigurationList = F47C44942C16630D005FDB70 /* Build configuration list for PBXProject "GasApp" */;
			compatibilityVersion = "Xcode 14.0";
			developmentRegion = en;
			hasScannedForEncodings = 0;
			knownRegions = (
				en,
				Base,
			);
			mainGroup = F47C44902C16630D005FDB70;
			productRefGroup = F47C449A2C16630D005FDB70 /* Products */;
			projectDirPath = "";
			projectRoot = "";
			targets = (
				F47C44982C16630D005FDB70 /* GasApp */,
				F47C44A92C166310005FDB70 /* GasAppTests */,
				F47C44B32C166310005FDB70 /* GasAppUITests */,
			);
		};
/* End PBXProject section */

/* Begin PBXResourcesBuildPhase section */
		F47C44972C16630D005FDB70 /* Resources */ = {
			isa = PBXResourcesBuildPhase;
			buildActionMask = 2147483647;
			files = (
				F47C44A52C16630F005FDB70 /* Preview Assets.xcassets in Resources */,
				F47C44A12C16630F005FDB70 /* Assets.xcassets in Resources */,
			);
			runOnlyForDeploymentPostprocessing = 0;
		};
		F47C44A82C166310005FDB70 /* Resources */ = {
			isa = PBXResourcesBuildPhase;
			buildActionMask = 2147483647;
			files = (
			);
			runOnlyForDeploymentPostprocessing = 0;
		};
		F47C44B22C166310005FDB70 /* Resources */ = {
			isa = PBXResourcesBuildPhase;
			buildActionMask = 2147483647;
			files = (
			);
			runOnlyForDeploymentPostprocessing = 0;
		};
/* End PBXResourcesBuildPhase section */

/* Begin PBXSourcesBuildPhase section */
		F47C44952C16630D005FDB70 /* Sources */ = {
			isa = PBXSourcesBuildPhase;
			buildActionMask = 2147483647;
			files = (
				F47C449F2C16630D005FDB70 /* ContentView.swift in Sources */,
				F47C449D2C16630D005FDB70 /* GasAppApp.swift in Sources */,
			);
			runOnlyForDeploymentPostprocessing = 0;
		};
		F47C44A62C166310005FDB70 /* Sources */ = {
			isa = PBXSourcesBuildPhase;
			buildActionMask = 2147483647;
			files = (
				F47C44AF2C166310005FDB70 /* GasAppTests.swift in Sources */,
			);
			runOnlyForDeploymentPostprocessing = 0;
		};
		F47C44B02C166310005FDB70 /* Sources */ = {
			isa = PBXSourcesBuildPhase;
			buildActionMask = 2147483647;
			files = (
				F47C44BB2C166310005FDB70 /* GasAppUITestsLaunchTests.swift in Sources */,
				F47C44B92C166310005FDB70 /* GasAppUITests.swift in Sources */,
			);
			runOnlyForDeploymentPostprocessing = 0;
		};
/* End PBXSourcesBuildPhase section */

/* Begin PBXTargetDependency section */
		F47C44AC2C166310005FDB70 /* PBXTargetDependency */ = {
			isa = PBXTargetDependency;
			target = F47C44982C16630D005FDB70 /* GasApp */;
			targetProxy = F47C44AB2C166310005FDB70 /* PBXContainerItemProxy */;
		};
		F47C44B62C166310005FDB70 /* PBXTargetDependency */ = {
			isa = PBXTargetDependency;
			target = F47C44982C16630D005FDB70 /* GasApp */;
			targetProxy = F47C44B52C166310005FDB70 /* PBXContainerItemProxy */;
		};
/* End PBXTargetDependency section */

/* Begin XCBuildConfiguration section */
		F47C44BC2C166310005FDB70 /* Debug */ = {
			isa = XCBuildConfiguration;
			buildSettings = {
				ALWAYS_SEARCH_USER_PATHS = NO;
				ASSETCATALOG_COMPILER_GENERATE_SWIFT_ASSET_SYMBOL_EXTENSIONS = YES;
				CLANG_ANALYZER_NONNULL = YES;
				CLANG_ANALYZER_NUMBER_OBJECT_CONVERSION = YES_AGGRESSIVE;
				CLANG_CXX_LANGUAGE_STANDARD = "gnu++20";
				CLANG_ENABLE_MODULES = YES;
				CLANG_ENABLE_OBJC_ARC = YES;
				CLANG_ENABLE_OBJC_WEAK = YES;
				CLANG_WARN_BLOCK_CAPTURE_AUTORELEASING = YES;
				CLANG_WARN_BOOL_CONVERSION = YES;
				CLANG_WARN_COMMA = YES;
				CLANG_WARN_CONSTANT_CONVERSION = YES;
				CLANG_WARN_DEPRECATED_OBJC_IMPLEMENTATIONS = YES;
				CLANG_WARN_DIRECT_OBJC_ISA_USAGE = YES_ERROR;
				CLANG_WARN_DOCUMENTATION_COMMENTS = YES;
				CLANG_WARN_EMPTY_BODY = YES;
				CLANG_WARN_ENUM_CONVERSION = YES;
				CLANG_WARN_INFINITE_RECURSION = YES;
				CLANG_WARN_INT_CONVERSION = YES;
				CLANG_WARN_NON_LITERAL_NULL_CONVERSION = YES;
				CLANG_WARN_OBJC_IMPLICIT_RETAIN_SELF = YES;
				CLANG_WARN_OBJC_LITERAL_CONVERSION = YES;
				CLANG_WARN_OBJC_ROOT_CLASS = YES_ERROR;
				CLANG_WARN_QUOTED_INCLUDE_IN_FRAMEWORK_HEADER = YES;
				CLANG_WARN_RANGE_LOOP_ANALYSIS = YES;
				CLANG_WARN_STRICT_PROTOTYPES = YES;
				CLANG_WARN_SUSPICIOUS_MOVE = YES;
				CLANG_WARN_UNGUARDED_AVAILABILITY = YES_AGGRESSIVE;
				CLANG_WARN_UNREACHABLE_CODE = YES;
				CLANG_WARN__DUPLICATE_METHOD_MATCH = YES;
				COPY_PHASE_STRIP = NO;
				DEBUG_INFORMATION_FORMAT = dwarf;
				ENABLE_STRICT_OBJC_MSGSEND = YES;
				ENABLE_TESTABILITY = YES;
				ENABLE_USER_SCRIPT_SANDBOXING = YES;
				GCC_C_LANGUAGE_STANDARD = gnu17;
				GCC_DYNAMIC_NO_PIC = NO;
				GCC_NO_COMMON_BLOCKS = YES;
				GCC_OPTIMIZATION_LEVEL = 0;
				GCC_PREPROCESSOR_DEFINITIONS = (
					"DEBUG=1",
					"$(inherited)",
				);
				GCC_WARN_64_TO_32_BIT_CONVERSION = YES;
				GCC_WARN_ABOUT_RETURN_TYPE = YES_ERROR;
				GCC_WARN_UNDECLARED_SELECTOR = YES;
				GCC_WARN_UNINITIALIZED_AUTOS = YES_AGGRESSIVE;
				GCC_WARN_UNUSED_FUNCTION = YES;
				GCC_WARN_UNUSED_VARIABLE = YES;
				LOCALIZATION_PREFERS_STRING_CATALOGS = YES;
				MTL_ENABLE_DEBUG_INFO = INCLUDE_SOURCE;
				MTL_FAST_MATH = YES;
				ONLY_ACTIVE_ARCH = YES;
				SWIFT_ACTIVE_COMPILATION_CONDITIONS = "DEBUG $(inherited)";
				SWIFT_OPTIMIZATION_LEVEL = "-Onone";
			};
			name = Debug;
		};
		F47C44BD2C166310005FDB70 /* Release */ = {
			isa = XCBuildConfiguration;
			buildSettings = {
				ALWAYS_SEARCH_USER_PATHS = NO;
				ASSETCATALOG_COMPILER_GENERATE_SWIFT_ASSET_SYMBOL_EXTENSIONS = YES;
				CLANG_ANALYZER_NONNULL = YES;
				CLANG_ANALYZER_NUMBER_OBJECT_CONVERSION = YES_AGGRESSIVE;
				CLANG_CXX_LANGUAGE_STANDARD = "gnu++20";
				CLANG_ENABLE_MODULES = YES;
				CLANG_ENABLE_OBJC_ARC = YES;
				CLANG_ENABLE_OBJC_WEAK = YES;
				CLANG_WARN_BLOCK_CAPTURE_AUTORELEASING = YES;
				CLANG_WARN_BOOL_CONVERSION = YES;
				CLANG_WARN_COMMA = YES;
				CLANG_WARN_CONSTANT_CONVERSION = YES;
				CLANG_WARN_DEPRECATED_OBJC_IMPLEMENTATIONS = YES;
				CLANG_WARN_DIRECT_OBJC_ISA_USAGE = YES_ERROR;
				CLANG_WARN_DOCUMENTATION_COMMENTS = YES;
				CLANG_WARN_EMPTY_BODY = YES;
				CLANG_WARN_ENUM_CONVERSION = YES;
				CLANG_WARN_INFINITE_RECURSION = YES;
				CLANG_WARN_INT_CONVERSION = YES;
				CLANG_WARN_NON_LITERAL_NULL_CONVERSION = YES;
				CLANG_WARN_OBJC_IMPLICIT_RETAIN_SELF = YES;
				CLANG_WARN_OBJC_LITERAL_CONVERSION = YES;
				CLANG_WARN_OBJC_ROOT_CLASS = YES_ERROR;
				CLANG_WARN_QUOTED_INCLUDE_IN_FRAMEWORK_HEADER = YES;
				CLANG_WARN_RANGE_LOOP_ANALYSIS = YES;
				CLANG_WARN_STRICT_PROTOTYPES = YES;
				CLANG_WARN_SUSPICIOUS_MOVE = YES;
				CLANG_WARN_UNGUARDED_AVAILABILITY = YES_AGGRESSIVE;
				CLANG_WARN_UNREACHABLE_CODE = YES;
				CLANG_WARN__DUPLICATE_METHOD_MATCH = YES;
				COPY_PHASE_STRIP = NO;
				DEBUG_INFORMATION_FORMAT = "dwarf-with-dsym";
				ENABLE_NS_ASSERTIONS = NO;
				ENABLE_STRICT_OBJC_MSGSEND = YES;
				ENABLE_USER_SCRIPT_SANDBOXING = YES;
				GCC_C_LANGUAGE_STANDARD = gnu17;
				GCC_NO_COMMON_BLOCKS = YES;
				GCC_WARN_64_TO_32_BIT_CONVERSION = YES;
				GCC_WARN_ABOUT_RETURN_TYPE = YES_ERROR;
				GCC_WARN_UNDECLARED_SELECTOR = YES;
				GCC_WARN_UNINITIALIZED_AUTOS = YES_AGGRESSIVE;
				GCC_WARN_UNUSED_FUNCTION = YES;
				GCC_WARN_UNUSED_VARIABLE = YES;
				LOCALIZATION_PREFERS_STRING_CATALOGS = YES;
				MTL_ENABLE_DEBUG_INFO = NO;
				MTL_FAST_MATH = YES;
				SWIFT_COMPILATION_MODE = wholemodule;
			};
			name = Release;
		};
		F47C44BF2C166310005FDB70 /* Debug */ = {
			isa = XCBuildConfiguration;
			buildSettings = {
				ASSETCATALOG_COMPILER_APPICON_NAME = AppIcon;
				ASSETCATALOG_COMPILER_GLOBAL_ACCENT_COLOR_NAME = AccentColor;
				CODE_SIGN_ENTITLEMENTS = GasApp/GasApp.entitlements;
				CODE_SIGN_STYLE = Automatic;
				CURRENT_PROJECT_VERSION = 1;
				DEVELOPMENT_ASSET_PATHS = "\"GasApp/Preview Content\"";
				DEVELOPMENT_TEAM = 79M729PMA7;
				ENABLE_HARDENED_RUNTIME = YES;
				ENABLE_PREVIEWS = YES;
				GENERATE_INFOPLIST_FILE = YES;
				"INFOPLIST_KEY_UIApplicationSceneManifest_Generation[sdk=iphoneos*]" = YES;
				"INFOPLIST_KEY_UIApplicationSceneManifest_Generation[sdk=iphonesimulator*]" = YES;
				"INFOPLIST_KEY_UIApplicationSupportsIndirectInputEvents[sdk=iphoneos*]" = YES;
				"INFOPLIST_KEY_UIApplicationSupportsIndirectInputEvents[sdk=iphonesimulator*]" = YES;
				"INFOPLIST_KEY_UILaunchScreen_Generation[sdk=iphoneos*]" = YES;
				"INFOPLIST_KEY_UILaunchScreen_Generation[sdk=iphonesimulator*]" = YES;
				"INFOPLIST_KEY_UIStatusBarStyle[sdk=iphoneos*]" = UIStatusBarStyleDefault;
				"INFOPLIST_KEY_UIStatusBarStyle[sdk=iphonesimulator*]" = UIStatusBarStyleDefault;
				INFOPLIST_KEY_UISupportedInterfaceOrientations_iPad = "UIInterfaceOrientationPortrait UIInterfaceOrientationPortraitUpsideDown UIInterfaceOrientationLandscapeLeft UIInterfaceOrientationLandscapeRight";
				INFOPLIST_KEY_UISupportedInterfaceOrientations_iPhone = "UIInterfaceOrientationPortrait UIInterfaceOrientationLandscapeLeft UIInterfaceOrientationLandscapeRight";
				IPHONEOS_DEPLOYMENT_TARGET = 17.5;
				LD_RUNPATH_SEARCH_PATHS = "@executable_path/Frameworks";
				"LD_RUNPATH_SEARCH_PATHS[sdk=macosx*]" = "@executable_path/../Frameworks";
				MACOSX_DEPLOYMENT_TARGET = 14.5;
				MARKETING_VERSION = 1.0;
				PRODUCT_BUNDLE_IDENTIFIER = com.FutuckeInc.GasApp;
				PRODUCT_NAME = "$(TARGET_NAME)";
				SDKROOT = auto;
				SUPPORTED_PLATFORMS = "iphoneos iphonesimulator macosx";
				SWIFT_EMIT_LOC_STRINGS = YES;
				SWIFT_VERSION = 5.0;
				TARGETED_DEVICE_FAMILY = "1,2";
			};
			name = Debug;
		};
		F47C44C02C166310005FDB70 /* Release */ = {
			isa = XCBuildConfiguration;
			buildSettings = {
				ASSETCATALOG_COMPILER_APPICON_NAME = AppIcon;
				ASSETCATALOG_COMPILER_GLOBAL_ACCENT_COLOR_NAME = AccentColor;
				CODE_SIGN_ENTITLEMENTS = GasApp/GasApp.entitlements;
				CODE_SIGN_STYLE = Automatic;
				CURRENT_PROJECT_VERSION = 1;
				DEVELOPMENT_ASSET_PATHS = "\"GasApp/Preview Content\"";
				DEVELOPMENT_TEAM = 79M729PMA7;
				ENABLE_HARDENED_RUNTIME = YES;
				ENABLE_PREVIEWS = YES;
				GENERATE_INFOPLIST_FILE = YES;
				"INFOPLIST_KEY_UIApplicationSceneManifest_Generation[sdk=iphoneos*]" = YES;
				"INFOPLIST_KEY_UIApplicationSceneManifest_Generation[sdk=iphonesimulator*]" = YES;
				"INFOPLIST_KEY_UIApplicationSupportsIndirectInputEvents[sdk=iphoneos*]" = YES;
				"INFOPLIST_KEY_UIApplicationSupportsIndirectInputEvents[sdk=iphonesimulator*]" = YES;
				"INFOPLIST_KEY_UILaunchScreen_Generation[sdk=iphoneos*]" = YES;
				"INFOPLIST_KEY_UILaunchScreen_Generation[sdk=iphonesimulator*]" = YES;
				"INFOPLIST_KEY_UIStatusBarStyle[sdk=iphoneos*]" = UIStatusBarStyleDefault;
				"INFOPLIST_KEY_UIStatusBarStyle[sdk=iphonesimulator*]" = UIStatusBarStyleDefault;
				INFOPLIST_KEY_UISupportedInterfaceOrientations_iPad = "UIInterfaceOrientationPortrait UIInterfaceOrientationPortraitUpsideDown UIInterfaceOrientationLandscapeLeft UIInterfaceOrientationLandscapeRight";
				INFOPLIST_KEY_UISupportedInterfaceOrientations_iPhone = "UIInterfaceOrientationPortrait UIInterfaceOrientationLandscapeLeft UIInterfaceOrientationLandscapeRight";
				IPHONEOS_DEPLOYMENT_TARGET = 17.5;
				LD_RUNPATH_SEARCH_PATHS = "@executable_path/Frameworks";
				"LD_RUNPATH_SEARCH_PATHS[sdk=macosx*]" = "@executable_path/../Frameworks";
				MACOSX_DEPLOYMENT_TARGET = 14.5;
				MARKETING_VERSION = 1.0;
				PRODUCT_BUNDLE_IDENTIFIER = com.FutuckeInc.GasApp;
				PRODUCT_NAME = "$(TARGET_NAME)";
				SDKROOT = auto;
				SUPPORTED_PLATFORMS = "iphoneos iphonesimulator macosx";
				SWIFT_EMIT_LOC_STRINGS = YES;
				SWIFT_VERSION = 5.0;
				TARGETED_DEVICE_FAMILY = "1,2";
			};
			name = Release;
		};
		F47C44C22C166310005FDB70 /* Debug */ = {
			isa = XCBuildConfiguration;
			buildSettings = {
				ALWAYS_EMBED_SWIFT_STANDARD_LIBRARIES = YES;
				BUNDLE_LOADER = "$(TEST_HOST)";
				CODE_SIGN_STYLE = Automatic;
				CURRENT_PROJECT_VERSION = 1;
				DEVELOPMENT_TEAM = 79M729PMA7;
				GENERATE_INFOPLIST_FILE = YES;
				IPHONEOS_DEPLOYMENT_TARGET = 17.5;
				MACOSX_DEPLOYMENT_TARGET = 14.5;
				MARKETING_VERSION = 1.0;
				PRODUCT_BUNDLE_IDENTIFIER = com.FutuckeInc.GasAppTests;
				PRODUCT_NAME = "$(TARGET_NAME)";
				SDKROOT = auto;
				SUPPORTED_PLATFORMS = "iphoneos iphonesimulator macosx";
				SWIFT_EMIT_LOC_STRINGS = NO;
				SWIFT_VERSION = 5.0;
				TARGETED_DEVICE_FAMILY = "1,2";
				TEST_HOST = "$(BUILT_PRODUCTS_DIR)/GasApp.app/$(BUNDLE_EXECUTABLE_FOLDER_PATH)/GasApp";
			};
			name = Debug;
		};
		F47C44C32C166310005FDB70 /* Release */ = {
			isa = XCBuildConfiguration;
			buildSettings = {
				ALWAYS_EMBED_SWIFT_STANDARD_LIBRARIES = YES;
				BUNDLE_LOADER = "$(TEST_HOST)";
				CODE_SIGN_STYLE = Automatic;
				CURRENT_PROJECT_VERSION = 1;
				DEVELOPMENT_TEAM = 79M729PMA7;
				GENERATE_INFOPLIST_FILE = YES;
				IPHONEOS_DEPLOYMENT_TARGET = 17.5;
				MACOSX_DEPLOYMENT_TARGET = 14.5;
				MARKETING_VERSION = 1.0;
				PRODUCT_BUNDLE_IDENTIFIER = com.FutuckeInc.GasAppTests;
				PRODUCT_NAME = "$(TARGET_NAME)";
				SDKROOT = auto;
				SUPPORTED_PLATFORMS = "iphoneos iphonesimulator macosx";
				SWIFT_EMIT_LOC_STRINGS = NO;
				SWIFT_VERSION = 5.0;
				TARGETED_DEVICE_FAMILY = "1,2";
				TEST_HOST = "$(BUILT_PRODUCTS_DIR)/GasApp.app/$(BUNDLE_EXECUTABLE_FOLDER_PATH)/GasApp";
			};
			name = Release;
		};
		F47C44C52C166310005FDB70 /* Debug */ = {
			isa = XCBuildConfiguration;
			buildSettings = {
				ALWAYS_EMBED_SWIFT_STANDARD_LIBRARIES = YES;
				CODE_SIGN_STYLE = Automatic;
				CURRENT_PROJECT_VERSION = 1;
				DEVELOPMENT_TEAM = 79M729PMA7;
				GENERATE_INFOPLIST_FILE = YES;
				IPHONEOS_DEPLOYMENT_TARGET = 17.5;
				MACOSX_DEPLOYMENT_TARGET = 14.5;
				MARKETING_VERSION = 1.0;
				PRODUCT_BUNDLE_IDENTIFIER = com.FutuckeInc.GasAppUITests;
				PRODUCT_NAME = "$(TARGET_NAME)";
				SDKROOT = auto;
				SUPPORTED_PLATFORMS = "iphoneos iphonesimulator macosx";
				SWIFT_EMIT_LOC_STRINGS = NO;
				SWIFT_VERSION = 5.0;
				TARGETED_DEVICE_FAMILY = "1,2";
				TEST_TARGET_NAME = GasApp;
			};
			name = Debug;
		};
		F47C44C62C166310005FDB70 /* Release */ = {
			isa = XCBuildConfiguration;
			buildSettings = {
				ALWAYS_EMBED_SWIFT_STANDARD_LIBRARIES = YES;
				CODE_SIGN_STYLE = Automatic;
				CURRENT_PROJECT_VERSION = 1;
				DEVELOPMENT_TEAM = 79M729PMA7;
				GENERATE_INFOPLIST_FILE = YES;
				IPHONEOS_DEPLOYMENT_TARGET = 17.5;
				MACOSX_DEPLOYMENT_TARGET = 14.5;
				MARKETING_VERSION = 1.0;
				PRODUCT_BUNDLE_IDENTIFIER = com.FutuckeInc.GasAppUITests;
				PRODUCT_NAME = "$(TARGET_NAME)";
				SDKROOT = auto;
				SUPPORTED_PLATFORMS = "iphoneos iphonesimulator macosx";
				SWIFT_EMIT_LOC_STRINGS = NO;
				SWIFT_VERSION = 5.0;
				TARGETED_DEVICE_FAMILY = "1,2";
				TEST_TARGET_NAME = GasApp;
			};
			name = Release;
		};
/* End XCBuildConfiguration section */

/* Begin XCConfigurationList section */
		F47C44942C16630D005FDB70 /* Build configuration list for PBXProject "GasApp" */ = {
			isa = XCConfigurationList;
			buildConfigurations = (
				F47C44BC2C166310005FDB70 /* Debug */,
				F47C44BD2C166310005FDB70 /* Release */,
			);
			defaultConfigurationIsVisible = 0;
			defaultConfigurationName = Release;
		};
		F47C44BE2C166310005FDB70 /* Build configuration list for PBXNativeTarget "GasApp" */ = {
			isa = XCConfigurationList;
			buildConfigurations = (
				F47C44BF2C166310005FDB70 /* Debug */,
				F47C44C02C166310005FDB70 /* Release */,
			);
			defaultConfigurationIsVisible = 0;
			defaultConfigurationName = Release;
		};
		F47C44C12C166310005FDB70 /* Build configuration list for PBXNativeTarget "GasAppTests" */ = {
			isa = XCConfigurationList;
			buildConfigurations = (
				F47C44C22C166310005FDB70 /* Debug */,
				F47C44C32C166310005FDB70 /* Release */,
			);
			defaultConfigurationIsVisible = 0;
			defaultConfigurationName = Release;
		};
		F47C44C42C166310005FDB70 /* Build configuration list for PBXNativeTarget "GasAppUITests" */ = {
			isa = XCConfigurationList;
			buildConfigurations = (
				F47C44C52C166310005FDB70 /* Debug */,
				F47C44C62C166310005FDB70 /* Release */,
			);
			defaultConfigurationIsVisible = 0;
			defaultConfigurationName = Release;
		};
/* End XCConfigurationList section */
	};
	rootObject = F47C44912C16630D005FDB70 /* Project object */;
}
